
Microsoft Visual Studio Solution File, Format Version 12.00
# Visual Studio Version 16
VisualStudioVersion = 16.0.30523.141
MinimumVisualStudioVersion = 10.0.40219.1
Project("{FAE04EC0-301F-11D3-BF4B-00C04F79EFBC}") = "BatteryCheck.Android", "BatteryCheck.Android\BatteryCheck.Android.csproj", "{5E4666A5-D963-4A8A-89A6-4627AC6FD191}"
EndProject
Project("{FAE04EC0-301F-11D3-BF4B-00C04F79EFBC}") = "BatteryCheck", "BatteryCheck\BatteryCheck.csproj", "{A93F59C1-78AD-4355-AE22-393292AAA8CC}"
EndProject
Global
	GlobalSection(SolutionConfigurationPlatforms) = preSolution
		Debug|Any CPU = Debug|Any CPU
		Release|Any CPU = Release|Any CPU
	EndGlobalSection
	GlobalSection(ProjectConfigurationPlatforms) = postSolution
		{5E4666A5-D963-4A8A-89A6-4627AC6FD191}.Debug|Any CPU.ActiveCfg = Debug|Any CPU
		{5E4666A5-D963-4A8A-89A6-4627AC6FD191}.Debug|Any CPU.Build.0 = Debug|Any CPU
		{5E4666A5-D963-4A8A-89A6-4627AC6FD191}.Debug|Any CPU.Deploy.0 = Debug|Any CPU
		{5E4666A5-D963-4A8A-89A6-4627AC6FD191}.Release|Any CPU.ActiveCfg = Release|Any CPU
		{5E4666A5-D963-4A8A-89A6-4627AC6FD191}.Release|Any CPU.Build.0 = Release|Any CPU
		{5E4666A5-D963-4A8A-89A6-4627AC6FD191}.Release|Any CPU.Deploy.0 = Release|Any CPU
		{A93F59C1-78AD-4355-AE22-393292AAA8CC}.Debug|Any CPU.ActiveCfg = Debug|Any CPU
		{A93F59C1-78AD-4355-AE22-393292AAA8CC}.Debug|Any CPU.Build.0 = Debug|Any CPU
		{A93F59C1-78AD-4355-AE22-393292AAA8CC}.Debug|Any CPU.Deploy.0 = Debug|Any CPU
		{A93F59C1-78AD-4355-AE22-393292AAA8CC}.Release|Any CPU.ActiveCfg = Release|Any CPU
		{A93F59C1-78AD-4355-AE22-393292AAA8CC}.Release|Any CPU.Build.0 = Release|Any CPU
		{A93F59C1-78AD-4355-AE22-393292AAA8CC}.Release|Any CPU.Deploy.0 = Release|Any CPU
	EndGlobalSection
	GlobalSection(SolutionProperties) = preSolution
		HideSolutionNode = FALSE
	EndGlobalSection
	GlobalSection(ExtensibilityGlobals) = postSolution
		SolutionGuid = {05386B6C-EDD5-4BA3-931B-1F01FB4552F3}
	EndGlobalSection
EndGlobal
